
Microsoft Visual Studio Solution File, Format Version 12.00
# Visual Studio Version 17
VisualStudioVersion = 17.7.34031.279
MinimumVisualStudioVersion = 10.0.40219.1
Project("{FAE04EC0-301F-11D3-BF4B-00C04F79EFBC}") = "Chart", "Chart\Chart.csproj", "{C3283C9E-E0D2-4F07-ACF7-B8B1011D69BF}"
EndProject
Project("{FAE04EC0-301F-11D3-BF4B-00C04F79EFBC}") = "Audio", "Audio\Audio.csproj", "{5B891AD3-6189-498E-AACE-0D9926A0DD4F}"
EndProject
Global
	GlobalSection(SolutionConfigurationPlatforms) = preSolution
		Debug|Any CPU = Debug|Any CPU
		Release|Any CPU = Release|Any CPU
	EndGlobalSection
	GlobalSection(ProjectConfigurationPlatforms) = postSolution
		{C3283C9E-E0D2-4F07-ACF7-B8B1011D69BF}.Debug|Any CPU.ActiveCfg = Debug|Any CPU
		{C3283C9E-E0D2-4F07-ACF7-B8B1011D69BF}.Debug|Any CPU.Build.0 = Debug|Any CPU
		{C3283C9E-E0D2-4F07-ACF7-B8B1011D69BF}.Release|Any CPU.ActiveCfg = Release|Any CPU
		{C3283C9E-E0D2-4F07-ACF7-B8B1011D69BF}.Release|Any CPU.Build.0 = Release|Any CPU
		{5B891AD3-6189-498E-AACE-0D9926A0DD4F}.Debug|Any CPU.ActiveCfg = Debug|Any CPU
		{5B891AD3-6189-498E-AACE-0D9926A0DD4F}.Debug|Any CPU.Build.0 = Debug|Any CPU
		{5B891AD3-6189-498E-AACE-0D9926A0DD4F}.Release|Any CPU.ActiveCfg = Release|Any CPU
		{5B891AD3-6189-498E-AACE-0D9926A0DD4F}.Release|Any CPU.Build.0 = Release|Any CPU
	EndGlobalSection
	GlobalSection(SolutionProperties) = preSolution
		HideSolutionNode = FALSE
	EndGlobalSection
	GlobalSection(ExtensibilityGlobals) = postSolution
		SolutionGuid = {F90D9C49-B205-4830-B04F-422C7F611B14}
	EndGlobalSection
EndGlobal
